
Microsoft Visual Studio Solution File, Format Version 12.00
# Visual Studio Version 17
VisualStudioVersion = 17.2.32630.192
MinimumVisualStudioVersion = 10.0.40219.1
Project("{FAE04EC0-301F-11D3-BF4B-00C04F79EFBC}") = "eGovern", "eGovern\eGovern.csproj", "{FE525A2D-5E3D-48A9-AE61-7A063577B30D}"
EndProject
Global
	GlobalSection(SolutionConfigurationPlatforms) = preSolution
		Debug|Any CPU = Debug|Any CPU
		Release|Any CPU = Release|Any CPU
	EndGlobalSection
	GlobalSection(ProjectConfigurationPlatforms) = postSolution
		{FE525A2D-5E3D-48A9-AE61-7A063577B30D}.Debug|Any CPU.ActiveCfg = Debug|Any CPU
		{FE525A2D-5E3D-48A9-AE61-7A063577B30D}.Debug|Any CPU.Build.0 = Debug|Any CPU
		{FE525A2D-5E3D-48A9-AE61-7A063577B30D}.Release|Any CPU.ActiveCfg = Release|Any CPU
		{FE525A2D-5E3D-48A9-AE61-7A063577B30D}.Release|Any CPU.Build.0 = Release|Any CPU
	EndGlobalSection
	GlobalSection(SolutionProperties) = preSolution
		HideSolutionNode = FALSE
	EndGlobalSection
	GlobalSection(ExtensibilityGlobals) = postSolution
		SolutionGuid = {20136136-5170-4DBF-93D7-9FD3A6D668F6}
	EndGlobalSection
EndGlobal
